github.com/big-larry/suckhttp v0.0.0-20250813123807-92fba52c65cb h1:csfOkDeXiB15fsTlnvDhKqGR+Q1NqlkzomPb5Na6ayA=
github.com/big-larry/suckhttp v0.0.0-20250813123807-92fba52c65cb/go.mod h1:P7WnDlYvo6PNf4bARgHBSrPnN0lwramxaY2x6UZ0CGc=
github.com/big-larry/suckutils v0.0.0-20250812153223-6165c58dc43b h1:ZeFjm4kAYHYpCD9/2B8ls+Hu3YJQWxZ4F3rzW7W1/aA=
github.com/big-larry/suckutils v0.0.0-20250812153223-6165c58dc43b/go.mod h1:5fawDMczz2lczw98vd8pRkZcGsllJnpJJh9l+f9Ohd8=
github.com/okonma-violet/confdecoder v0.0.0-20230926094403-7e3eab7eff29 h1:B4tx67hvbtrTyYpbbR9lsuA5ZJutftoL/1IezRXldJo=
github.com/okonma-violet/confdecoder v0.0.0-20230926094403-7e3eab7eff29/go.mod h1:ww/+SFov4W8uAfhPC5Rm37HKLQCROEaYi95Ikfh/Tkg=
github.com/okonma-violet/dynamicworkerspool v0.0.0-20240317115954-810a6361f715 h1:vxsat2Y8CWtsaDF4D43qJp9K2K/8bPTDfWpIT09/sWc=
github.com/okonma-violet/dynamicworkerspool v0.0.0-20240317115954-810a6361f715/go.mod h1:H6sSJItqki5t+8hoCdZepIW4jLEnPCSN6rY/U85Zay4=
github.com/okonma-violet/services/basicmessage v0.0.0-20250813141351-a2866ef3e748 h1:jdQ3RymCRClSHsrxqeCyO4RFQ5MaM86TJB66742Cy9k=
github.com/okonma-violet/services/basicmessage v0.0.0-20250813141351-a2866ef3e748/go.mod h1:ltWN2sK3Le5xwaFZabbY4mrJuHxI2L9/ELoylZ1qG3Y=
github.com/okonma-violet/services/basicmessage/basicmessagetypes v0.0.0-20250813141351-a2866ef3e748 h1:vEDMxFs9wljlRIsJClkcIQAOo/VUZWsDx5YekJSgnKk=
github.com/okonma-violet/services/basicmessage/basicmessagetypes v0.0.0-20250813141351-a2866ef3e748/go.mod h1:OlT1oztb/6LUsvxw9llGWgODmLw63zcf16NSXG4Idgg=
github.com/okonma-violet/services/connector_nonepoll v0.0.0-20250813141351-a2866ef3e748 h1:+DoRD6pRiUthmqwWmUf2Lm+j1KJnlsAdr1LHoYHM56w=
github.com/okonma-violet/services/connector_nonepoll v0.0.0-20250813141351-a2866ef3e748/go.mod h1:rrjOSD88aZYu9QYmNbEFlQEnvrNYOGMiHseMaKyXic0=
github.com/okonma-violet/services/httpservice_nonepoll v0.0.0-20250813190320-403d7b1709b1 h1:5DgT4/W/3t/I2ohtd//587xxb926ParCVAUjrkPUCsk=
github.com/okonma-violet/services/httpservice_nonepoll v0.0.0-20250813190320-403d7b1709b1/go.mod h1:S1pXWkAztJefsRQejgTiyqr6sJlbErvmNGAu4Gwe170=
github.com/okonma-violet/services/logs/encode v0.0.0-20250813190320-403d7b1709b1 h1:XoYKCUus2MedvRgEz17rPypK2ngVQR/VctHfQe/p3HQ=
github.com/okonma-violet/services/logs/encode v0.0.0-20250813190320-403d7b1709b1/go.mod h1:6PH898+Avo/v3wNNEKOFwxiqnO1I0DhISR4J/qqT3Q8=
github.com/okonma-violet/services/logs/logger v0.0.0-20250813190320-403d7b1709b1 h1:A6DUrGOkBaMtexTfyeA7Xuf6hsp5rSC9iEpUNsWRbWs=
github.com/okonma-violet/services/logs/logger v0.0.0-20250813190320-403d7b1709b1/go.mod h1:OEn/LdFI+6M9l8llmMmlbH6hlKEBmQ+5mfUZYoyXfBE=
github.com/okonma-violet/services/types/configuratortypes v0.0.0-20250813190320-403d7b1709b1 h1:oMwesnVayUAjiZ7hVMCISqjv5HWxb/EQQWckkH4SKu8=
github.com/okonma-violet/services/types/configuratortypes v0.0.0-20250813190320-403d7b1709b1/go.mod h1:FTkUuuwHTlr1LocpBwicbtvqJ+0nTPSpK9Uret42J/U=
github.com/okonma-violet/services/types/netprotocol v0.0.0-20250813190320-403d7b1709b1 h1:Y+G7hIX24QRR9Zh2uYRbNWPD/eefzTjj4Cp9QdqKBQc=
github.com/okonma-violet/services/types/netprotocol v0.0.0-20250813190320-403d7b1709b1/go.mod h1:ZX9urOHLtvE7SoSbanQwtpn2Z3kXnxPLDOorQk01Z2k=
github.com/okonma-violet/services/universalservice_nonepoll v0.0.0-20250813141351-a2866ef3e748 h1:eCFkX/GcuOSnrab90LzXZApIpEO9KWbWAflmGprYwcs=
github.com/okonma-violet/services/universalservice_nonepoll v0.0.0-20250813141351-a2866ef3e748/go.mod h1:ZDuz3AMY/7tGf8WdhNkM0QdRH8FXAktahh84ZWxibwg=
